
Microsoft Visual Studio Solution File, Format Version 12.00
# Visual Studio Version 17
VisualStudioVersion = 17.1.32421.90
MinimumVisualStudioVersion = 10.0.40219.1
Project("{FAE04EC0-301F-11D3-BF4B-00C04F79EFBC}") = "carpe_diem_v1", "carpe_diem_v1\carpe_diem_v1.csproj", "{A7350B94-60BF-4BB8-94E8-DB0126A9C16D}"
EndProject
Global
	GlobalSection(SolutionConfigurationPlatforms) = preSolution
		Debug|Any CPU = Debug|Any CPU
		Release|Any CPU = Release|Any CPU
	EndGlobalSection
	GlobalSection(ProjectConfigurationPlatforms) = postSolution
		{A7350B94-60BF-4BB8-94E8-DB0126A9C16D}.Debug|Any CPU.ActiveCfg = Debug|Any CPU
		{A7350B94-60BF-4BB8-94E8-DB0126A9C16D}.Debug|Any CPU.Build.0 = Debug|Any CPU
		{A7350B94-60BF-4BB8-94E8-DB0126A9C16D}.Release|Any CPU.ActiveCfg = Release|Any CPU
		{A7350B94-60BF-4BB8-94E8-DB0126A9C16D}.Release|Any CPU.Build.0 = Release|Any CPU
	EndGlobalSection
	GlobalSection(SolutionProperties) = preSolution
		HideSolutionNode = FALSE
	EndGlobalSection
	GlobalSection(ExtensibilityGlobals) = postSolution
		SolutionGuid = {A4BCF904-4FDF-4A32-9149-2458C2BC0FB4}
	EndGlobalSection
EndGlobal
